// !$*UTF8*$!
{
	archiveVersion = 1;
	classes = {
	};
	objectVersion = 50;
	objects = {

/* Begin PBXBuildFile section */
		74F933AF276ABD4E002703AA /* AppDelegate.swift in Sources */ = {isa = PBXBuildFile; fileRef = 74F933AE276ABD4E002703AA /* AppDelegate.swift */; };
		74F933B1276ABD4E002703AA /* SceneDelegate.swift in Sources */ = {isa = PBXBuildFile; fileRef = 74F933B0276ABD4E002703AA /* SceneDelegate.swift */; };
		74F933B3276ABD4E002703AA /* ViewController.swift in Sources */ = {isa = PBXBuildFile; fileRef = 74F933B2276ABD4E002703AA /* ViewController.swift */; };
		74F933B6276ABD4E002703AA /* Main.storyboard in Resources */ = {isa = PBXBuildFile; fileRef = 74F933B4276ABD4E002703AA /* Main.storyboard */; };
		74F933B8276ABD52002703AA /* Assets.xcassets in Resources */ = {isa = PBXBuildFile; fileRef = 74F933B7276ABD52002703AA /* Assets.xcassets */; };
		74F933BB276ABD52002703AA /* LaunchScreen.storyboard in Resources */ = {isa = PBXBuildFile; fileRef = 74F933B9276ABD52002703AA /* LaunchScreen.storyboard */; };
		74F933C6276ABD53002703AA /* FileViewerTests.swift in Sources */ = {isa = PBXBuildFile; fileRef = 74F933C5276ABD53002703AA /* FileViewerTests.swift */; };
		74F933D1276ABD53002703AA /* FileViewerUITests.swift in Sources */ = {isa = PBXBuildFile; fileRef = 74F933D0276ABD53002703AA /* FileViewerUITests.swift */; };
		74F933E5276ABF37002703AA /* FolderViewCell.swift in Sources */ = {isa = PBXBuildFile; fileRef = 74F933E4276ABF37002703AA /* FolderViewCell.swift */; };
		74F933E6276ABF37002703AA /* FolderViewCell.swift in Sources */ = {isa = PBXBuildFile; fileRef = 74F933E4276ABF37002703AA /* FolderViewCell.swift */; };
		74F933E7276ABF37002703AA /* FolderViewCell.swift in Sources */ = {isa = PBXBuildFile; fileRef = 74F933E4276ABF37002703AA /* FolderViewCell.swift */; };
		74F93437276AC088002703AA /* AFolder in Resources */ = {isa = PBXBuildFile; fileRef = 74F93436276AC088002703AA /* AFolder */; };
		74F93446276BA794002703AA /* Store.swift in Sources */ = {isa = PBXBuildFile; fileRef = 74F93445276BA794002703AA /* Store.swift */; };
		74F93447276BA794002703AA /* Store.swift in Sources */ = {isa = PBXBuildFile; fileRef = 74F93445276BA794002703AA /* Store.swift */; };
		74F93448276BA794002703AA /* Store.swift in Sources */ = {isa = PBXBuildFile; fileRef = 74F93445276BA794002703AA /* Store.swift */; };
		74F9344D276BA8FB002703AA /* Folder.swift in Sources */ = {isa = PBXBuildFile; fileRef = 74F9344C276BA8FB002703AA /* Folder.swift */; };
		74F9344E276BA8FB002703AA /* Folder.swift in Sources */ = {isa = PBXBuildFile; fileRef = 74F9344C276BA8FB002703AA /* Folder.swift */; };
		74F9344F276BA8FB002703AA /* Folder.swift in Sources */ = {isa = PBXBuildFile; fileRef = 74F9344C276BA8FB002703AA /* Folder.swift */; };
		74F93454276BA939002703AA /* Item.swift in Sources */ = {isa = PBXBuildFile; fileRef = 74F93453276BA939002703AA /* Item.swift */; };
		74F93455276BA939002703AA /* Item.swift in Sources */ = {isa = PBXBuildFile; fileRef = 74F93453276BA939002703AA /* Item.swift */; };
		74F93456276BA939002703AA /* Item.swift in Sources */ = {isa = PBXBuildFile; fileRef = 74F93453276BA939002703AA /* Item.swift */; };
		74F9345C276D07E2002703AA /* ExtensionViewController.swift in Sources */ = {isa = PBXBuildFile; fileRef = 74F9345B276D07E2002703AA /* ExtensionViewController.swift */; };
		74F9345D276D07E2002703AA /* ExtensionViewController.swift in Sources */ = {isa = PBXBuildFile; fileRef = 74F9345B276D07E2002703AA /* ExtensionViewController.swift */; };
		74F9345E276D07E2002703AA /* ExtensionViewController.swift in Sources */ = {isa = PBXBuildFile; fileRef = 74F9345B276D07E2002703AA /* ExtensionViewController.swift */; };
		74F93466276E29C1002703AA /* ExtensionString.swift in Sources */ = {isa = PBXBuildFile; fileRef = 74F93465276E29C1002703AA /* ExtensionString.swift */; };
		74F93467276E29C1002703AA /* ExtensionString.swift in Sources */ = {isa = PBXBuildFile; fileRef = 74F93465276E29C1002703AA /* ExtensionString.swift */; };
		74F93468276E29C1002703AA /* ExtensionString.swift in Sources */ = {isa = PBXBuildFile; fileRef = 74F93465276E29C1002703AA /* ExtensionString.swift */; };
		74F93470276F3BA9002703AA /* FileViewController.swift in Sources */ = {isa = PBXBuildFile; fileRef = 74F9346F276F3BA9002703AA /* FileViewController.swift */; };
		74F93471276F3BA9002703AA /* FileViewController.swift in Sources */ = {isa = PBXBuildFile; fileRef = 74F9346F276F3BA9002703AA /* FileViewController.swift */; };
		74F93472276F3BA9002703AA /* FileViewController.swift in Sources */ = {isa = PBXBuildFile; fileRef = 74F9346F276F3BA9002703AA /* FileViewController.swift */; };
		74F9347A276F4030002703AA /* FileViewCell.swift in Sources */ = {isa = PBXBuildFile; fileRef = 74F93479276F4030002703AA /* FileViewCell.swift */; };
		74F9347B276F4030002703AA /* FileViewCell.swift in Sources */ = {isa = PBXBuildFile; fileRef = 74F93479276F4030002703AA /* FileViewCell.swift */; };
		74F9347C276F4030002703AA /* FileViewCell.swift in Sources */ = {isa = PBXBuildFile; fileRef = 74F93479276F4030002703AA /* FileViewCell.swift */; };
		74F93481276F4307002703AA /* File.swift in Sources */ = {isa = PBXBuildFile; fileRef = 74F93480276F4307002703AA /* File.swift */; };
		74F93482276F4307002703AA /* File.swift in Sources */ = {isa = PBXBuildFile; fileRef = 74F93480276F4307002703AA /* File.swift */; };
		74F93483276F4307002703AA /* File.swift in Sources */ = {isa = PBXBuildFile; fileRef = 74F93480276F4307002703AA /* File.swift */; };
		74F93488276F5D6E002703AA /* ImageViewController.swift in Sources */ = {isa = PBXBuildFile; fileRef = 74F93487276F5D6E002703AA /* ImageViewController.swift */; };
		74F93489276F5D6E002703AA /* ImageViewController.swift in Sources */ = {isa = PBXBuildFile; fileRef = 74F93487276F5D6E002703AA /* ImageViewController.swift */; };
		74F9348A276F5D6E002703AA /* ImageViewController.swift in Sources */ = {isa = PBXBuildFile; fileRef = 74F93487276F5D6E002703AA /* ImageViewController.swift */; };
		74F9348F276F5D87002703AA /* Image.swift in Sources */ = {isa = PBXBuildFile; fileRef = 74F9348E276F5D87002703AA /* Image.swift */; };
		74F93490276F5D87002703AA /* Image.swift in Sources */ = {isa = PBXBuildFile; fileRef = 74F9348E276F5D87002703AA /* Image.swift */; };
		74F93491276F5D87002703AA /* Image.swift in Sources */ = {isa = PBXBuildFile; fileRef = 74F9348E276F5D87002703AA /* Image.swift */; };
		74F93496276F5DBC002703AA /* ImageViewCell.swift in Sources */ = {isa = PBXBuildFile; fileRef = 74F93495276F5DBC002703AA /* ImageViewCell.swift */; };
		74F93497276F5DBC002703AA /* ImageViewCell.swift in Sources */ = {isa = PBXBuildFile; fileRef = 74F93495276F5DBC002703AA /* ImageViewCell.swift */; };
		74F93498276F5DBC002703AA /* ImageViewCell.swift in Sources */ = {isa = PBXBuildFile; fileRef = 74F93495276F5DBC002703AA /* ImageViewCell.swift */; };
/* End PBXBuildFile section */

/* Begin PBXContainerItemProxy section */
		74F933C2276ABD53002703AA /* PBXContainerItemProxy */ = {
			isa = PBXContainerItemProxy;
			containerPortal = 74F933A3276ABD4E002703AA /* Project object */;
			proxyType = 1;
			remoteGlobalIDString = 74F933AA276ABD4E002703AA;
			remoteInfo = FileViewer;
		};
		74F933CD276ABD53002703AA /* PBXContainerItemProxy */ = {
			isa = PBXContainerItemProxy;
			containerPortal = 74F933A3276ABD4E002703AA /* Project object */;
			proxyType = 1;
			remoteGlobalIDString = 74F933AA276ABD4E002703AA;
			remoteInfo = FileViewer;
		};
/* End PBXContainerItemProxy section */

/* Begin PBXFileReference section */
		74F933AB276ABD4E002703AA /* FileViewer.app */ = {isa = PBXFileReference; explicitFileType = wrapper.application; includeInIndex = 0; path = FileViewer.app; sourceTree = BUILT_PRODUCTS_DIR; };
		74F933AE276ABD4E002703AA /* AppDelegate.swift */ = {isa = PBXFileReference; lastKnownFileType = sourcecode.swift; path = AppDelegate.swift; sourceTree = "<group>"; };
		74F933B0276ABD4E002703AA /* SceneDelegate.swift */ = {isa = PBXFileReference; lastKnownFileType = sourcecode.swift; path = SceneDelegate.swift; sourceTree = "<group>"; };
		74F933B2276ABD4E002703AA /* ViewController.swift */ = {isa = PBXFileReference; lastKnownFileType = sourcecode.swift; path = ViewController.swift; sourceTree = "<group>"; };
		74F933B5276ABD4E002703AA /* Base */ = {isa = PBXFileReference; lastKnownFileType = file.storyboard; name = Base; path = Base.lproj/Main.storyboard; sourceTree = "<group>"; };
		74F933B7276ABD52002703AA /* Assets.xcassets */ = {isa = PBXFileReference; lastKnownFileType = folder.assetcatalog; path = Assets.xcassets; sourceTree = "<group>"; };
		74F933BA276ABD52002703AA /* Base */ = {isa = PBXFileReference; lastKnownFileType = file.storyboard; name = Base; path = Base.lproj/LaunchScreen.storyboard; sourceTree = "<group>"; };
		74F933BC276ABD52002703AA /* Info.plist */ = {isa = PBXFileReference; lastKnownFileType = text.plist.xml; path = Info.plist; sourceTree = "<group>"; };
		74F933C1276ABD53002703AA /* FileViewerTests.xctest */ = {isa = PBXFileReference; explicitFileType = wrapper.cfbundle; includeInIndex = 0; path = FileViewerTests.xctest; sourceTree = BUILT_PRODUCTS_DIR; };
		74F933C5276ABD53002703AA /* FileViewerTests.swift */ = {isa = PBXFileReference; lastKnownFileType = sourcecode.swift; path = FileViewerTests.swift; sourceTree = "<group>"; };
		74F933C7276ABD53002703AA /* Info.plist */ = {isa = PBXFileReference; lastKnownFileType = text.plist.xml; path = Info.plist; sourceTree = "<group>"; };
		74F933CC276ABD53002703AA /* FileViewerUITests.xctest */ = {isa = PBXFileReference; explicitFileType = wrapper.cfbundle; includeInIndex = 0; path = FileViewerUITests.xctest; sourceTree = BUILT_PRODUCTS_DIR; };
		74F933D0276ABD53002703AA /* FileViewerUITests.swift */ = {isa = PBXFileReference; lastKnownFileType = sourcecode.swift; path = FileViewerUITests.swift; sourceTree = "<group>"; };
		74F933D2276ABD53002703AA /* Info.plist */ = {isa = PBXFileReference; lastKnownFileType = text.plist.xml; path = Info.plist; sourceTree = "<group>"; };
		74F933E4276ABF37002703AA /* FolderViewCell.swift */ = {isa = PBXFileReference; lastKnownFileType = sourcecode.swift; path = FolderViewCell.swift; sourceTree = "<group>"; };
		74F93436276AC088002703AA /* AFolder */ = {isa = PBXFileReference; lastKnownFileType = folder; path = AFolder; sourceTree = "<group>"; };
		74F93445276BA794002703AA /* Store.swift */ = {isa = PBXFileReference; lastKnownFileType = sourcecode.swift; path = Store.swift; sourceTree = "<group>"; };
		74F9344C276BA8FB002703AA /* Folder.swift */ = {isa = PBXFileReference; lastKnownFileType = sourcecode.swift; path = Folder.swift; sourceTree = "<group>"; };
		74F93453276BA939002703AA /* Item.swift */ = {isa = PBXFileReference; lastKnownFileType = sourcecode.swift; path = Item.swift; sourceTree = "<group>"; };
		74F9345B276D07E2002703AA /* ExtensionViewController.swift */ = {isa = PBXFileReference; lastKnownFileType = sourcecode.swift; path = ExtensionViewController.swift; sourceTree = "<group>"; };
		74F93465276E29C1002703AA /* ExtensionString.swift */ = {isa = PBXFileReference; lastKnownFileType = sourcecode.swift; path = ExtensionString.swift; sourceTree = "<group>"; };
		74F9346F276F3BA9002703AA /* FileViewController.swift */ = {isa = PBXFileReference; lastKnownFileType = sourcecode.swift; path = FileViewController.swift; sourceTree = "<group>"; };
		74F93479276F4030002703AA /* FileViewCell.swift */ = {isa = PBXFileReference; lastKnownFileType = sourcecode.swift; path = FileViewCell.swift; sourceTree = "<group>"; };
		74F93480276F4307002703AA /* File.swift */ = {isa = PBXFileReference; lastKnownFileType = sourcecode.swift; path = File.swift; sourceTree = "<group>"; };
		74F93487276F5D6E002703AA /* ImageViewController.swift */ = {isa = PBXFileReference; lastKnownFileType = sourcecode.swift; path = ImageViewController.swift; sourceTree = "<group>"; };
		74F9348E276F5D87002703AA /* Image.swift */ = {isa = PBXFileReference; lastKnownFileType = sourcecode.swift; path = Image.swift; sourceTree = "<group>"; };
		74F93495276F5DBC002703AA /* ImageViewCell.swift */ = {isa = PBXFileReference; lastKnownFileType = sourcecode.swift; path = ImageViewCell.swift; sourceTree = "<group>"; };
/* End PBXFileReference section */

/* Begin PBXFrameworksBuildPhase section */
		74F933A8276ABD4E002703AA /* Frameworks */ = {
			isa = PBXFrameworksBuildPhase;
			buildActionMask = 2147483647;
			files = (
			);
			runOnlyForDeploymentPostprocessing = 0;
		};
		74F933BE276ABD53002703AA /* Frameworks */ = {
			isa = PBXFrameworksBuildPhase;
			buildActionMask = 2147483647;
			files = (
			);
			runOnlyForDeploymentPostprocessing = 0;
		};
		74F933C9276ABD53002703AA /* Frameworks */ = {
			isa = PBXFrameworksBuildPhase;
			buildActionMask = 2147483647;
			files = (
			);
			runOnlyForDeploymentPostprocessing = 0;
		};
/* End PBXFrameworksBuildPhase section */

/* Begin PBXGroup section */
		74F933A2276ABD4E002703AA = {
			isa = PBXGroup;
			children = (
				74F933AD276ABD4E002703AA /* FileViewer */,
				74F933C4276ABD53002703AA /* FileViewerTests */,
				74F933CF276ABD53002703AA /* FileViewerUITests */,
				74F933AC276ABD4E002703AA /* Products */,
			);
			sourceTree = "<group>";
		};
		74F933AC276ABD4E002703AA /* Products */ = {
			isa = PBXGroup;
			children = (
				74F933AB276ABD4E002703AA /* FileViewer.app */,
				74F933C1276ABD53002703AA /* FileViewerTests.xctest */,
				74F933CC276ABD53002703AA /* FileViewerUITests.xctest */,
			);
			name = Products;
			sourceTree = "<group>";
		};
		74F933AD276ABD4E002703AA /* FileViewer */ = {
			isa = PBXGroup;
			children = (
				74F93436276AC088002703AA /* AFolder */,
				74F9345A276D0797002703AA /* Util */,
				74F933E3276ABEA0002703AA /* Controller */,
				74F933E2276ABE9A002703AA /* Model */,
				74F933E1276ABE93002703AA /* View */,
				74F933AE276ABD4E002703AA /* AppDelegate.swift */,
				74F933B0276ABD4E002703AA /* SceneDelegate.swift */,
				74F933B4276ABD4E002703AA /* Main.storyboard */,
				74F933B7276ABD52002703AA /* Assets.xcassets */,
				74F933B9276ABD52002703AA /* LaunchScreen.storyboard */,
				74F933BC276ABD52002703AA /* Info.plist */,
			);
			path = FileViewer;
			sourceTree = "<group>";
		};
		74F933C4276ABD53002703AA /* FileViewerTests */ = {
			isa = PBXGroup;
			children = (
				74F933C5276ABD53002703AA /* FileViewerTests.swift */,
				74F933C7276ABD53002703AA /* Info.plist */,
			);
			path = FileViewerTests;
			sourceTree = "<group>";
		};
		74F933CF276ABD53002703AA /* FileViewerUITests */ = {
			isa = PBXGroup;
			children = (
				74F933D0276ABD53002703AA /* FileViewerUITests.swift */,
				74F933D2276ABD53002703AA /* Info.plist */,
			);
			path = FileViewerUITests;
			sourceTree = "<group>";
		};
		74F933E1276ABE93002703AA /* View */ = {
			isa = PBXGroup;
			children = (
				74F933E4276ABF37002703AA /* FolderViewCell.swift */,
				74F93479276F4030002703AA /* FileViewCell.swift */,
				74F93495276F5DBC002703AA /* ImageViewCell.swift */,
			);
			path = View;
			sourceTree = "<group>";
		};
		74F933E2276ABE9A002703AA /* Model */ = {
			isa = PBXGroup;
			children = (
				74F93445276BA794002703AA /* Store.swift */,
				74F9344C276BA8FB002703AA /* Folder.swift */,
				74F93453276BA939002703AA /* Item.swift */,
				74F93480276F4307002703AA /* File.swift */,
				74F9348E276F5D87002703AA /* Image.swift */,
			);
			path = Model;
			sourceTree = "<group>";
		};
		74F933E3276ABEA0002703AA /* Controller */ = {
			isa = PBXGroup;
			children = (
				74F933B2276ABD4E002703AA /* ViewController.swift */,
				74F9346F276F3BA9002703AA /* FileViewController.swift */,
				74F93487276F5D6E002703AA /* ImageViewController.swift */,
			);
			path = Controller;
			sourceTree = "<group>";
		};
		74F9345A276D0797002703AA /* Util */ = {
			isa = PBXGroup;
			children = (
				74F9345B276D07E2002703AA /* ExtensionViewController.swift */,
				74F93465276E29C1002703AA /* ExtensionString.swift */,
			);
			path = Util;
			sourceTree = "<group>";
		};
/* End PBXGroup section */

/* Begin PBXNativeTarget section */
		74F933AA276ABD4E002703AA /* FileViewer */ = {
			isa = PBXNativeTarget;
			buildConfigurationList = 74F933D5276ABD53002703AA /* Build configuration list for PBXNativeTarget "FileViewer" */;
			buildPhases = (
				74F933A7276ABD4E002703AA /* Sources */,
				74F933A8276ABD4E002703AA /* Frameworks */,
				74F933A9276ABD4E002703AA /* Resources */,
			);
			buildRules = (
			);
			dependencies = (
			);
			name = FileViewer;
			productName = FileViewer;
			productReference = 74F933AB276ABD4E002703AA /* FileViewer.app */;
			productType = "com.apple.product-type.application";
		};
		74F933C0276ABD53002703AA /* FileViewerTests */ = {
			isa = PBXNativeTarget;
			buildConfigurationList = 74F933D8276ABD53002703AA /* Build configuration list for PBXNativeTarget "FileViewerTests" */;
			buildPhases = (
				74F933BD276ABD53002703AA /* Sources */,
				74F933BE276ABD53002703AA /* Frameworks */,
				74F933BF276ABD53002703AA /* Resources */,
			);
			buildRules = (
			);
			dependencies = (
				74F933C3276ABD53002703AA /* PBXTargetDependency */,
			);
			name = FileViewerTests;
			productName = FileViewerTests;
			productReference = 74F933C1276ABD53002703AA /* FileViewerTests.xctest */;
			productType = "com.apple.product-type.bundle.unit-test";
		};
		74F933CB276ABD53002703AA /* FileViewerUITests */ = {
			isa = PBXNativeTarget;
			buildConfigurationList = 74F933DB276ABD53002703AA /* Build configuration list for PBXNativeTarget "FileViewerUITests" */;
			buildPhases = (
				74F933C8276ABD53002703AA /* Sources */,
				74F933C9276ABD53002703AA /* Frameworks */,
				74F933CA276ABD53002703AA /* Resources */,
			);
			buildRules = (
			);
			dependencies = (
				74F933CE276ABD53002703AA /* PBXTargetDependency */,
			);
			name = FileViewerUITests;
			productName = FileViewerUITests;
			productReference = 74F933CC276ABD53002703AA /* FileViewerUITests.xctest */;
			productType = "com.apple.product-type.bundle.ui-testing";
		};
/* End PBXNativeTarget section */

/* Begin PBXProject section */
		74F933A3276ABD4E002703AA /* Project object */ = {
			isa = PBXProject;
			attributes = {
				LastSwiftUpdateCheck = 1220;
				LastUpgradeCheck = 1220;
				TargetAttributes = {
					74F933AA276ABD4E002703AA = {
						CreatedOnToolsVersion = 12.2;
					};
					74F933C0276ABD53002703AA = {
						CreatedOnToolsVersion = 12.2;
						TestTargetID = 74F933AA276ABD4E002703AA;
					};
					74F933CB276ABD53002703AA = {
						CreatedOnToolsVersion = 12.2;
						TestTargetID = 74F933AA276ABD4E002703AA;
					};
				};
			};
			buildConfigurationList = 74F933A6276ABD4E002703AA /* Build configuration list for PBXProject "FileViewer" */;
			compatibilityVersion = "Xcode 9.3";
			developmentRegion = en;
			hasScannedForEncodings = 0;
			knownRegions = (
				en,
				Base,
			);
			mainGroup = 74F933A2276ABD4E002703AA;
			productRefGroup = 74F933AC276ABD4E002703AA /* Products */;
			projectDirPath = "";
			projectRoot = "";
			targets = (
				74F933AA276ABD4E002703AA /* FileViewer */,
				74F933C0276ABD53002703AA /* FileViewerTests */,
				74F933CB276ABD53002703AA /* FileViewerUITests */,
			);
		};
/* End PBXProject section */

/* Begin PBXResourcesBuildPhase section */
		74F933A9276ABD4E002703AA /* Resources */ = {
			isa = PBXResourcesBuildPhase;
			buildActionMask = 2147483647;
			files = (
				74F933BB276ABD52002703AA /* LaunchScreen.storyboard in Resources */,
				74F93437276AC088002703AA /* AFolder in Resources */,
				74F933B8276ABD52002703AA /* Assets.xcassets in Resources */,
				74F933B6276ABD4E002703AA /* Main.storyboard in Resources */,
			);
			runOnlyForDeploymentPostprocessing = 0;
		};
		74F933BF276ABD53002703AA /* Resources */ = {
			isa = PBXResourcesBuildPhase;
			buildActionMask = 2147483647;
			files = (
			);
			runOnlyForDeploymentPostprocessing = 0;
		};
		74F933CA276ABD53002703AA /* Resources */ = {
			isa = PBXResourcesBuildPhase;
			buildActionMask = 2147483647;
			files = (
			);
			runOnlyForDeploymentPostprocessing = 0;
		};
/* End PBXResourcesBuildPhase section */

/* Begin PBXSourcesBuildPhase section */
		74F933A7276ABD4E002703AA /* Sources */ = {
			isa = PBXSourcesBuildPhase;
			buildActionMask = 2147483647;
			files = (
				74F93446276BA794002703AA /* Store.swift in Sources */,
				74F93481276F4307002703AA /* File.swift in Sources */,
				74F933E5276ABF37002703AA /* FolderViewCell.swift in Sources */,
				74F9347A276F4030002703AA /* FileViewCell.swift in Sources */,
				74F933B3276ABD4E002703AA /* ViewController.swift in Sources */,
				74F933AF276ABD4E002703AA /* AppDelegate.swift in Sources */,
				74F93488276F5D6E002703AA /* ImageViewController.swift in Sources */,
				74F9348F276F5D87002703AA /* Image.swift in Sources */,
				74F9345C276D07E2002703AA /* ExtensionViewController.swift in Sources */,
				74F93466276E29C1002703AA /* ExtensionString.swift in Sources */,
				74F93470276F3BA9002703AA /* FileViewController.swift in Sources */,
				74F93454276BA939002703AA /* Item.swift in Sources */,
				74F933B1276ABD4E002703AA /* SceneDelegate.swift in Sources */,
				74F93496276F5DBC002703AA /* ImageViewCell.swift in Sources */,
				74F9344D276BA8FB002703AA /* Folder.swift in Sources */,
			);
			runOnlyForDeploymentPostprocessing = 0;
		};
		74F933BD276ABD53002703AA /* Sources */ = {
			isa = PBXSourcesBuildPhase;
			buildActionMask = 2147483647;
			files = (
				74F93455276BA939002703AA /* Item.swift in Sources */,
				74F93490276F5D87002703AA /* Image.swift in Sources */,
				74F93497276F5DBC002703AA /* ImageViewCell.swift in Sources */,
				74F9347B276F4030002703AA /* FileViewCell.swift in Sources */,
				74F93447276BA794002703AA /* Store.swift in Sources */,
				74F93471276F3BA9002703AA /* FileViewController.swift in Sources */,
				74F9345D276D07E2002703AA /* ExtensionViewController.swift in Sources */,
				74F93482276F4307002703AA /* File.swift in Sources */,
				74F933E6276ABF37002703AA /* FolderViewCell.swift in Sources */,
				74F933C6276ABD53002703AA /* FileViewerTests.swift in Sources */,
				74F93467276E29C1002703AA /* ExtensionString.swift in Sources */,
				74F93489276F5D6E002703AA /* ImageViewController.swift in Sources */,
				74F9344E276BA8FB002703AA /* Folder.swift in Sources */,
			);
			runOnlyForDeploymentPostprocessing = 0;
		};
		74F933C8276ABD53002703AA /* Sources */ = {
			isa = PBXSourcesBuildPhase;
			buildActionMask = 2147483647;
			files = (
				74F93456276BA939002703AA /* Item.swift in Sources */,
				74F93491276F5D87002703AA /* Image.swift in Sources */,
				74F93498276F5DBC002703AA /* ImageViewCell.swift in Sources */,
				74F9347C276F4030002703AA /* FileViewCell.swift in Sources */,
				74F93448276BA794002703AA /* Store.swift in Sources */,
				74F93472276F3BA9002703AA /* FileViewController.swift in Sources */,
				74F9345E276D07E2002703AA /* ExtensionViewController.swift in Sources */,
				74F93483276F4307002703AA /* File.swift in Sources */,
				74F933E7276ABF37002703AA /* FolderViewCell.swift in Sources */,
				74F933D1276ABD53002703AA /* FileViewerUITests.swift in Sources */,
				74F93468276E29C1002703AA /* ExtensionString.swift in Sources */,
				74F9348A276F5D6E002703AA /* ImageViewController.swift in Sources */,
				74F9344F276BA8FB002703AA /* Folder.swift in Sources */,
			);
			runOnlyForDeploymentPostprocessing = 0;
		};
/* End PBXSourcesBuildPhase section */

/* Begin PBXTargetDependency section */
		74F933C3276ABD53002703AA /* PBXTargetDependency */ = {
			isa = PBXTargetDependency;
			target = 74F933AA276ABD4E002703AA /* FileViewer */;
			targetProxy = 74F933C2276ABD53002703AA /* PBXContainerItemProxy */;
		};
		74F933CE276ABD53002703AA /* PBXTargetDependency */ = {
			isa = PBXTargetDependency;
			target = 74F933AA276ABD4E002703AA /* FileViewer */;
			targetProxy = 74F933CD276ABD53002703AA /* PBXContainerItemProxy */;
		};
/* End PBXTargetDependency section */

/* Begin PBXVariantGroup section */
		74F933B4276ABD4E002703AA /* Main.storyboard */ = {
			isa = PBXVariantGroup;
			children = (
				74F933B5276ABD4E002703AA /* Base */,
			);
			name = Main.storyboard;
			sourceTree = "<group>";
		};
		74F933B9276ABD52002703AA /* LaunchScreen.storyboard */ = {
			isa = PBXVariantGroup;
			children = (
				74F933BA276ABD52002703AA /* Base */,
			);
			name = LaunchScreen.storyboard;
			sourceTree = "<group>";
		};
/* End PBXVariantGroup section */

/* Begin XCBuildConfiguration section */
		74F933D3276ABD53002703AA /* Debug */ = {
			isa = XCBuildConfiguration;
			buildSettings = {
				ALWAYS_SEARCH_USER_PATHS = NO;
				CLANG_ANALYZER_NONNULL = YES;
				CLANG_ANALYZER_NUMBER_OBJECT_CONVERSION = YES_AGGRESSIVE;
				CLANG_CXX_LANGUAGE_STANDARD = "gnu++14";
				CLANG_CXX_LIBRARY = "libc++";
				CLANG_ENABLE_MODULES = YES;
				CLANG_ENABLE_OBJC_ARC = YES;
				CLANG_ENABLE_OBJC_WEAK = YES;
				CLANG_WARN_BLOCK_CAPTURE_AUTORELEASING = YES;
				CLANG_WARN_BOOL_CONVERSION = YES;
				CLANG_WARN_COMMA = YES;
				CLANG_WARN_CONSTANT_CONVERSION = YES;
				CLANG_WARN_DEPRECATED_OBJC_IMPLEMENTATIONS = YES;
				CLANG_WARN_DIRECT_OBJC_ISA_USAGE = YES_ERROR;
				CLANG_WARN_DOCUMENTATION_COMMENTS = YES;
				CLANG_WARN_EMPTY_BODY = YES;
				CLANG_WARN_ENUM_CONVERSION = YES;
				CLANG_WARN_INFINITE_RECURSION = YES;
				CLANG_WARN_INT_CONVERSION = YES;
				CLANG_WARN_NON_LITERAL_NULL_CONVERSION = YES;
				CLANG_WARN_OBJC_IMPLICIT_RETAIN_SELF = YES;
				CLANG_WARN_OBJC_LITERAL_CONVERSION = YES;
				CLANG_WARN_OBJC_ROOT_CLASS = YES_ERROR;
				CLANG_WARN_QUOTED_INCLUDE_IN_FRAMEWORK_HEADER = YES;
				CLANG_WARN_RANGE_LOOP_ANALYSIS = YES;
				CLANG_WARN_STRICT_PROTOTYPES = YES;
				CLANG_WARN_SUSPICIOUS_MOVE = YES;
				CLANG_WARN_UNGUARDED_AVAILABILITY = YES_AGGRESSIVE;
				CLANG_WARN_UNREACHABLE_CODE = YES;
				CLANG_WARN__DUPLICATE_METHOD_MATCH = YES;
				COPY_PHASE_STRIP = NO;
				DEBUG_INFORMATION_FORMAT = dwarf;
				ENABLE_STRICT_OBJC_MSGSEND = YES;
				ENABLE_TESTABILITY = YES;
				GCC_C_LANGUAGE_STANDARD = gnu11;
				GCC_DYNAMIC_NO_PIC = NO;
				GCC_NO_COMMON_BLOCKS = YES;
				GCC_OPTIMIZATION_LEVEL = 0;
				GCC_PREPROCESSOR_DEFINITIONS = (
					"DEBUG=1",
					"$(inherited)",
				);
				GCC_WARN_64_TO_32_BIT_CONVERSION = YES;
				GCC_WARN_ABOUT_RETURN_TYPE = YES_ERROR;
				GCC_WARN_UNDECLARED_SELECTOR = YES;
				GCC_WARN_UNINITIALIZED_AUTOS = YES_AGGRESSIVE;
				GCC_WARN_UNUSED_FUNCTION = YES;
				GCC_WARN_UNUSED_VARIABLE = YES;
				IPHONEOS_DEPLOYMENT_TARGET = 14.2;
				MTL_ENABLE_DEBUG_INFO = INCLUDE_SOURCE;
				MTL_FAST_MATH = YES;
				ONLY_ACTIVE_ARCH = YES;
				SDKROOT = iphoneos;
				SWIFT_ACTIVE_COMPILATION_CONDITIONS = DEBUG;
				SWIFT_OPTIMIZATION_LEVEL = "-Onone";
			};
			name = Debug;
		};
		74F933D4276ABD53002703AA /* Release */ = {
			isa = XCBuildConfiguration;
			buildSettings = {
				ALWAYS_SEARCH_USER_PATHS = NO;
				CLANG_ANALYZER_NONNULL = YES;
				CLANG_ANALYZER_NUMBER_OBJECT_CONVERSION = YES_AGGRESSIVE;
				CLANG_CXX_LANGUAGE_STANDARD = "gnu++14";
				CLANG_CXX_LIBRARY = "libc++";
				CLANG_ENABLE_MODULES = YES;
				CLANG_ENABLE_OBJC_ARC = YES;
				CLANG_ENABLE_OBJC_WEAK = YES;
				CLANG_WARN_BLOCK_CAPTURE_AUTORELEASING = YES;
				CLANG_WARN_BOOL_CONVERSION = YES;
				CLANG_WARN_COMMA = YES;
				CLANG_WARN_CONSTANT_CONVERSION = YES;
				CLANG_WARN_DEPRECATED_OBJC_IMPLEMENTATIONS = YES;
				CLANG_WARN_DIRECT_OBJC_ISA_USAGE = YES_ERROR;
				CLANG_WARN_DOCUMENTATION_COMMENTS = YES;
				CLANG_WARN_EMPTY_BODY = YES;
				CLANG_WARN_ENUM_CONVERSION = YES;
				CLANG_WARN_INFINITE_RECURSION = YES;
				CLANG_WARN_INT_CONVERSION = YES;
				CLANG_WARN_NON_LITERAL_NULL_CONVERSION = YES;
				CLANG_WARN_OBJC_IMPLICIT_RETAIN_SELF = YES;
				CLANG_WARN_OBJC_LITERAL_CONVERSION = YES;
				CLANG_WARN_OBJC_ROOT_CLASS = YES_ERROR;
				CLANG_WARN_QUOTED_INCLUDE_IN_FRAMEWORK_HEADER = YES;
				CLANG_WARN_RANGE_LOOP_ANALYSIS = YES;
				CLANG_WARN_STRICT_PROTOTYPES = YES;
				CLANG_WARN_SUSPICIOUS_MOVE = YES;
				CLANG_WARN_UNGUARDED_AVAILABILITY = YES_AGGRESSIVE;
				CLANG_WARN_UNREACHABLE_CODE = YES;
				CLANG_WARN__DUPLICATE_METHOD_MATCH = YES;
				COPY_PHASE_STRIP = NO;
				DEBUG_INFORMATION_FORMAT = "dwarf-with-dsym";
				ENABLE_NS_ASSERTIONS = NO;
				ENABLE_STRICT_OBJC_MSGSEND = YES;
				GCC_C_LANGUAGE_STANDARD = gnu11;
				GCC_NO_COMMON_BLOCKS = YES;
				GCC_WARN_64_TO_32_BIT_CONVERSION = YES;
				GCC_WARN_ABOUT_RETURN_TYPE = YES_ERROR;
				GCC_WARN_UNDECLARED_SELECTOR = YES;
				GCC_WARN_UNINITIALIZED_AUTOS = YES_AGGRESSIVE;
				GCC_WARN_UNUSED_FUNCTION = YES;
				GCC_WARN_UNUSED_VARIABLE = YES;
				IPHONEOS_DEPLOYMENT_TARGET = 14.2;
				MTL_ENABLE_DEBUG_INFO = NO;
				MTL_FAST_MATH = YES;
				SDKROOT = iphoneos;
				SWIFT_COMPILATION_MODE = wholemodule;
				SWIFT_OPTIMIZATION_LEVEL = "-O";
				VALIDATE_PRODUCT = YES;
			};
			name = Release;
		};
		74F933D6276ABD53002703AA /* Debug */ = {
			isa = XCBuildConfiguration;
			buildSettings = {
				ASSETCATALOG_COMPILER_APPICON_NAME = AppIcon;
				ASSETCATALOG_COMPILER_GLOBAL_ACCENT_COLOR_NAME = AccentColor;
				CODE_SIGN_STYLE = Automatic;
				DEVELOPMENT_TEAM = TKUKNKW8ZJ;
				INFOPLIST_FILE = FileViewer/Info.plist;
				LD_RUNPATH_SEARCH_PATHS = (
					"$(inherited)",
					"@executable_path/Frameworks",
				);
				PRODUCT_BUNDLE_IDENTIFIER = com.sinyuchen.FileViewer;
				PRODUCT_NAME = "$(TARGET_NAME)";
				SWIFT_VERSION = 5.0;
				TARGETED_DEVICE_FAMILY = "1,2";
			};
			name = Debug;
		};
		74F933D7276ABD53002703AA /* Release */ = {
			isa = XCBuildConfiguration;
			buildSettings = {
				ASSETCATALOG_COMPILER_APPICON_NAME = AppIcon;
				ASSETCATALOG_COMPILER_GLOBAL_ACCENT_COLOR_NAME = AccentColor;
				CODE_SIGN_STYLE = Automatic;
				DEVELOPMENT_TEAM = TKUKNKW8ZJ;
				INFOPLIST_FILE = FileViewer/Info.plist;
				LD_RUNPATH_SEARCH_PATHS = (
					"$(inherited)",
					"@executable_path/Frameworks",
				);
				PRODUCT_BUNDLE_IDENTIFIER = com.sinyuchen.FileViewer;
				PRODUCT_NAME = "$(TARGET_NAME)";
				SWIFT_VERSION = 5.0;
				TARGETED_DEVICE_FAMILY = "1,2";
			};
			name = Release;
		};
		74F933D9276ABD53002703AA /* Debug */ = {
			isa = XCBuildConfiguration;
			buildSettings = {
				ALWAYS_EMBED_SWIFT_STANDARD_LIBRARIES = YES;
				BUNDLE_LOADER = "$(TEST_HOST)";
				CODE_SIGN_STYLE = Automatic;
				DEVELOPMENT_TEAM = TKUKNKW8ZJ;
				INFOPLIST_FILE = FileViewerTests/Info.plist;
				IPHONEOS_DEPLOYMENT_TARGET = 14.2;
				LD_RUNPATH_SEARCH_PATHS = (
					"$(inherited)",
					"@executable_path/Frameworks",
					"@loader_path/Frameworks",
				);
				PRODUCT_BUNDLE_IDENTIFIER = com.sinyuchen.FileViewerTests;
				PRODUCT_NAME = "$(TARGET_NAME)";
				SWIFT_VERSION = 5.0;
				TARGETED_DEVICE_FAMILY = "1,2";
				TEST_HOST = "$(BUILT_PRODUCTS_DIR)/FileViewer.app/FileViewer";
			};
			name = Debug;
		};
		74F933DA276ABD53002703AA /* Release */ = {
			isa = XCBuildConfiguration;
			buildSettings = {
				ALWAYS_EMBED_SWIFT_STANDARD_LIBRARIES = YES;
				BUNDLE_LOADER = "$(TEST_HOST)";
				CODE_SIGN_STYLE = Automatic;
				DEVELOPMENT_TEAM = TKUKNKW8ZJ;
				INFOPLIST_FILE = FileViewerTests/Info.plist;
				IPHONEOS_DEPLOYMENT_TARGET = 14.2;
				LD_RUNPATH_SEARCH_PATHS = (
					"$(inherited)",
					"@executable_path/Frameworks",
					"@loader_path/Frameworks",
				);
				PRODUCT_BUNDLE_IDENTIFIER = com.sinyuchen.FileViewerTests;
				PRODUCT_NAME = "$(TARGET_NAME)";
				SWIFT_VERSION = 5.0;
				TARGETED_DEVICE_FAMILY = "1,2";
				TEST_HOST = "$(BUILT_PRODUCTS_DIR)/FileViewer.app/FileViewer";
			};
			name = Release;
		};
		74F933DC276ABD53002703AA /* Debug */ = {
			isa = XCBuildConfiguration;
			buildSettings = {
				ALWAYS_EMBED_SWIFT_STANDARD_LIBRARIES = YES;
				CODE_SIGN_STYLE = Automatic;
				DEVELOPMENT_TEAM = TKUKNKW8ZJ;
				INFOPLIST_FILE = FileViewerUITests/Info.plist;
				LD_RUNPATH_SEARCH_PATHS = (
					"$(inherited)",
					"@executable_path/Frameworks",
					"@loader_path/Frameworks",
				);
				PRODUCT_BUNDLE_IDENTIFIER = com.sinyuchen.FileViewerUITests;
				PRODUCT_NAME = "$(TARGET_NAME)";
				SWIFT_VERSION = 5.0;
				TARGETED_DEVICE_FAMILY = "1,2";
				TEST_TARGET_NAME = FileViewer;
			};
			name = Debug;
		};
		74F933DD276ABD53002703AA /* Release */ = {
			isa = XCBuildConfiguration;
			buildSettings = {
				ALWAYS_EMBED_SWIFT_STANDARD_LIBRARIES = YES;
				CODE_SIGN_STYLE = Automatic;
				DEVELOPMENT_TEAM = TKUKNKW8ZJ;
				INFOPLIST_FILE = FileViewerUITests/Info.plist;
				LD_RUNPATH_SEARCH_PATHS = (
					"$(inherited)",
					"@executable_path/Frameworks",
					"@loader_path/Frameworks",
				);
				PRODUCT_BUNDLE_IDENTIFIER = com.sinyuchen.FileViewerUITests;
				PRODUCT_NAME = "$(TARGET_NAME)";
				SWIFT_VERSION = 5.0;
				TARGETED_DEVICE_FAMILY = "1,2";
				TEST_TARGET_NAME = FileViewer;
			};
			name = Release;
		};
/* End XCBuildConfiguration section */

/* Begin XCConfigurationList section */
		74F933A6276ABD4E002703AA /* Build configuration list for PBXProject "FileViewer" */ = {
			isa = XCConfigurationList;
			buildConfigurations = (
				74F933D3276ABD53002703AA /* Debug */,
				74F933D4276ABD53002703AA /* Release */,
			);
			defaultConfigurationIsVisible = 0;
			defaultConfigurationName = Release;
		};
		74F933D5276ABD53002703AA /* Build configuration list for PBXNativeTarget "FileViewer" */ = {
			isa = XCConfigurationList;
			buildConfigurations = (
				74F933D6276ABD53002703AA /* Debug */,
				74F933D7276ABD53002703AA /* Release */,
			);
			defaultConfigurationIsVisible = 0;
			defaultConfigurationName = Release;
		};
		74F933D8276ABD53002703AA /* Build configuration list for PBXNativeTarget "FileViewerTests" */ = {
			isa = XCConfigurationList;
			buildConfigurations = (
				74F933D9276ABD53002703AA /* Debug */,
				74F933DA276ABD53002703AA /* Release */,
			);
			defaultConfigurationIsVisible = 0;
			defaultConfigurationName = Release;
		};
		74F933DB276ABD53002703AA /* Build configuration list for PBXNativeTarget "FileViewerUITests" */ = {
			isa = XCConfigurationList;
			buildConfigurations = (
				74F933DC276ABD53002703AA /* Debug */,
				74F933DD276ABD53002703AA /* Release */,
			);
			defaultConfigurationIsVisible = 0;
			defaultConfigurationName = Release;
		};
/* End XCConfigurationList section */
	};
	rootObject = 74F933A3276ABD4E002703AA /* Project object */;
}
